
Microsoft Visual Studio Solution File, Format Version 12.00
# Visual Studio Version 16
VisualStudioVersion = 16.0.30523.141
MinimumVisualStudioVersion = 10.0.40219.1
Project("{00D1A9C2-B5F0-4AF3-8072-F6C62B433612}") = "DBAssignment", "DBAssignment\DBAssignment.sqlproj", "{2226157F-4D05-40E7-80E0-E6DAEC955165}"
EndProject
Global
	GlobalSection(SolutionConfigurationPlatforms) = preSolution
		Debug|Any CPU = Debug|Any CPU
		Release|Any CPU = Release|Any CPU
	EndGlobalSection
	GlobalSection(ProjectConfigurationPlatforms) = postSolution
		{2226157F-4D05-40E7-80E0-E6DAEC955165}.Debug|Any CPU.ActiveCfg = Debug|Any CPU
		{2226157F-4D05-40E7-80E0-E6DAEC955165}.Debug|Any CPU.Build.0 = Debug|Any CPU
		{2226157F-4D05-40E7-80E0-E6DAEC955165}.Debug|Any CPU.Deploy.0 = Debug|Any CPU
		{2226157F-4D05-40E7-80E0-E6DAEC955165}.Release|Any CPU.ActiveCfg = Release|Any CPU
		{2226157F-4D05-40E7-80E0-E6DAEC955165}.Release|Any CPU.Build.0 = Release|Any CPU
		{2226157F-4D05-40E7-80E0-E6DAEC955165}.Release|Any CPU.Deploy.0 = Release|Any CPU
	EndGlobalSection
	GlobalSection(SolutionProperties) = preSolution
		HideSolutionNode = FALSE
	EndGlobalSection
	GlobalSection(ExtensibilityGlobals) = postSolution
		SolutionGuid = {73B8E2DF-0197-46AD-8C84-E3A6C9B6C7A7}
	EndGlobalSection
EndGlobal
